
Microsoft Visual Studio Solution File, Format Version 12.00
# Visual Studio 2013
VisualStudioVersion = 12.0.30501.0
MinimumVisualStudioVersion = 10.0.40219.1
Project("{FAE04EC0-301F-11D3-BF4B-00C04F79EFBC}") = "ChromeExtension", "ChromeExtension\ChromeExtension.csproj", "{F63CD448-F845-40DF-B792-2EE5ACDFF3E2}"
EndProject
Project("{FAE04EC0-301F-11D3-BF4B-00C04F79EFBC}") = "ChromeNuSysIntermediate", "ChromeNusysIntermediate\ChromeNuSysIntermediate.csproj", "{D32A335C-86EB-4560-8B57-1F1F9DEABB37}"
EndProject
Global
	GlobalSection(SolutionConfigurationPlatforms) = preSolution
		Debug|Any CPU = Debug|Any CPU
		Release|Any CPU = Release|Any CPU
	EndGlobalSection
	GlobalSection(ProjectConfigurationPlatforms) = postSolution
		{F63CD448-F845-40DF-B792-2EE5ACDFF3E2}.Debug|Any CPU.ActiveCfg = Debug|Any CPU
		{F63CD448-F845-40DF-B792-2EE5ACDFF3E2}.Debug|Any CPU.Build.0 = Debug|Any CPU
		{F63CD448-F845-40DF-B792-2EE5ACDFF3E2}.Release|Any CPU.ActiveCfg = Release|Any CPU
		{F63CD448-F845-40DF-B792-2EE5ACDFF3E2}.Release|Any CPU.Build.0 = Release|Any CPU
		{D32A335C-86EB-4560-8B57-1F1F9DEABB37}.Debug|Any CPU.ActiveCfg = Debug|Any CPU
		{D32A335C-86EB-4560-8B57-1F1F9DEABB37}.Debug|Any CPU.Build.0 = Debug|Any CPU
		{D32A335C-86EB-4560-8B57-1F1F9DEABB37}.Release|Any CPU.ActiveCfg = Release|Any CPU
		{D32A335C-86EB-4560-8B57-1F1F9DEABB37}.Release|Any CPU.Build.0 = Release|Any CPU
	EndGlobalSection
	GlobalSection(SolutionProperties) = preSolution
		HideSolutionNode = FALSE
	EndGlobalSection
EndGlobal
